<?xml version="1.0" encoding="utf-8"?>
<Project ToolsVersion="4.0" xmlns="http://schemas.microsoft.com/developer/msbuild/2003">
  <ItemGroup>
    <Filter Include="Source Files">
      <UniqueIdentifier>{4FC737F1-C7A5-4376-A066-2A32D752A2FF}</UniqueIdentifier>
      <Extensions>cpp;c;cc;cxx;c++;def;odl;idl;hpj;bat;asm;asmx</Extensions>
    </Filter>
    <Filter Include="Header Files">
      <UniqueIdentifier>{93995380-89BD-4b04-88EB-625FBE52EBFB}</UniqueIdentifier>
      <Extensions>h;hh;hpp;hxx;h++;hm;inl;inc;ipp;xsd</Extensions>
    </Filter>
    <Filter Include="Resource Files">
      <UniqueIdentifier>{67DA6AB6-F800-4c08-8B7A-83BB121AAD01}</UniqueIdentifier>
      <Extensions>rc;ico;cur;bmp;dlg;rc2;rct;bin;rgs;gif;jpg;jpeg;jpe;resx;tiff;tif;png;wav;mfcribbon-ms</Extensions>
    </Filter>
  </ItemGroup>
  <ItemGroup>
    <ClCompile Include="HAL_CLK.c">
      <Filter>Source Files</Filter>
    </ClCompile>
    <ClCompile Include="HAL_GPIO.c">
      <Filter>Source Files</Filter>
    </ClCompile>
    <ClCompile Include="HAL_TIM4.c">
      <Filter>Source Files</Filter>
    </ClCompile>
    <ClCompile Include="interrupts.c">
      <Filter>Source Files</Filter>
    </ClCompile>
    <ClCompile Include="main.c">
      <Filter>Source Files</Filter>
    </ClCompile>
    <ClCompile Include="HAL_UART1.c">
      <Filter>Source Files</Filter>
    </ClCompile>
    <ClCompile Include="HAL_CAN.c">
      <Filter>Source Files</Filter>
    </ClCompile>
    <ClCompile Include="HAL_I2C.c">
      <Filter>Source Files</Filter>
    </ClCompile>
  </ItemGroup>
  <ItemGroup>
    <ClInclude Include="dev.h">
      <Filter>Header Files</Filter>
    </ClInclude>
    <ClInclude Include="HAL_CLK.h">
      <Filter>Header Files</Filter>
    </ClInclude>
    <ClInclude Include="HAL_GPIO.h">
      <Filter>Header Files</Filter>
    </ClInclude>
    <ClInclude Include="HAL_TIM4.h">
      <Filter>Header Files</Filter>
    </ClInclude>
    <ClInclude Include="interrupts.h">
      <Filter>Header Files</Filter>
    </ClInclude>
    <ClInclude Include="main.h">
      <Filter>Header Files</Filter>
    </ClInclude>
    <ClInclude Include="HAL_UART1.h">
      <Filter>Header Files</Filter>
    </ClInclude>
    <ClInclude Include="HAL_CAN.h">
      <Filter>Header Files</Filter>
    </ClInclude>
    <ClInclude Include="HAL_I2C.h">
      <Filter>Header Files</Filter>
    </ClInclude>
  </ItemGroup>
</Project>